
Microsoft Visual Studio Solution File, Format Version 12.00
# Visual Studio Version 17
VisualStudioVersion = 17.5.33516.290
MinimumVisualStudioVersion = 10.0.40219.1
Project("{9A19103F-16F7-4668-BE54-9A1E7A4F7556}") = "Sistatestetlab1", "Sistatestetlab1\Sistatestetlab1.csproj", "{E8161659-919E-47DF-B962-16CF62C513B8}"
EndProject
Global
	GlobalSection(SolutionConfigurationPlatforms) = preSolution
		Debug|Any CPU = Debug|Any CPU
		Release|Any CPU = Release|Any CPU
	EndGlobalSection
	GlobalSection(ProjectConfigurationPlatforms) = postSolution
		{E8161659-919E-47DF-B962-16CF62C513B8}.Debug|Any CPU.ActiveCfg = Debug|Any CPU
		{E8161659-919E-47DF-B962-16CF62C513B8}.Debug|Any CPU.Build.0 = Debug|Any CPU
		{E8161659-919E-47DF-B962-16CF62C513B8}.Release|Any CPU.ActiveCfg = Release|Any CPU
		{E8161659-919E-47DF-B962-16CF62C513B8}.Release|Any CPU.Build.0 = Release|Any CPU
	EndGlobalSection
	GlobalSection(SolutionProperties) = preSolution
		HideSolutionNode = FALSE
	EndGlobalSection
	GlobalSection(ExtensibilityGlobals) = postSolution
		SolutionGuid = {AC130600-758F-4A3B-8214-866EB1E43933}
	EndGlobalSection
EndGlobal
